
Microsoft Visual Studio Solution File, Format Version 12.00
# Visual Studio Version 16
VisualStudioVersion = 16.0.29230.47
MinimumVisualStudioVersion = 10.0.40219.1
Project("{FAE04EC0-301F-11D3-BF4B-00C04F79EFBC}") = "ProAspNetCoreMvcModelBinding", "ProAspNetCoreMvcModelBinding.csproj", "{5F15EBEC-7C73-45A6-95D7-B1C5A374749B}"
EndProject
Global
	GlobalSection(SolutionConfigurationPlatforms) = preSolution
		Debug|Any CPU = Debug|Any CPU
		Release|Any CPU = Release|Any CPU
	EndGlobalSection
	GlobalSection(ProjectConfigurationPlatforms) = postSolution
		{5F15EBEC-7C73-45A6-95D7-B1C5A374749B}.Debug|Any CPU.ActiveCfg = Debug|Any CPU
		{5F15EBEC-7C73-45A6-95D7-B1C5A374749B}.Debug|Any CPU.Build.0 = Debug|Any CPU
		{5F15EBEC-7C73-45A6-95D7-B1C5A374749B}.Release|Any CPU.ActiveCfg = Release|Any CPU
		{5F15EBEC-7C73-45A6-95D7-B1C5A374749B}.Release|Any CPU.Build.0 = Release|Any CPU
	EndGlobalSection
	GlobalSection(SolutionProperties) = preSolution
		HideSolutionNode = FALSE
	EndGlobalSection
	GlobalSection(ExtensibilityGlobals) = postSolution
		SolutionGuid = {2ABE5AA3-5CEA-40D6-B9F4-5CB0E716A597}
	EndGlobalSection
EndGlobal
